
Microsoft Visual Studio Solution File, Format Version 12.00
# Visual Studio Version 16
VisualStudioVersion = 16.0.30717.126
MinimumVisualStudioVersion = 10.0.40219.1
Project("{FAE04EC0-301F-11D3-BF4B-00C04F79EFBC}") = "DLAPI", "DLAPI\DLAPI.csproj", "{ED11AA00-399D-4541-BB35-061BD708176C}"
EndProject
Project("{FAE04EC0-301F-11D3-BF4B-00C04F79EFBC}") = "DLXML", "DLXML\DLXML.csproj", "{ABB4468B-2DD5-455C-87C3-9E49267800F0}"
EndProject
Global
	GlobalSection(SolutionConfigurationPlatforms) = preSolution
		Debug|Any CPU = Debug|Any CPU
		Release|Any CPU = Release|Any CPU
	EndGlobalSection
	GlobalSection(ProjectConfigurationPlatforms) = postSolution
		{ED11AA00-399D-4541-BB35-061BD708176C}.Debug|Any CPU.ActiveCfg = Debug|Any CPU
		{ED11AA00-399D-4541-BB35-061BD708176C}.Debug|Any CPU.Build.0 = Debug|Any CPU
		{ED11AA00-399D-4541-BB35-061BD708176C}.Release|Any CPU.ActiveCfg = Release|Any CPU
		{ED11AA00-399D-4541-BB35-061BD708176C}.Release|Any CPU.Build.0 = Release|Any CPU
		{ABB4468B-2DD5-455C-87C3-9E49267800F0}.Debug|Any CPU.ActiveCfg = Debug|Any CPU
		{ABB4468B-2DD5-455C-87C3-9E49267800F0}.Debug|Any CPU.Build.0 = Debug|Any CPU
		{ABB4468B-2DD5-455C-87C3-9E49267800F0}.Release|Any CPU.ActiveCfg = Release|Any CPU
		{ABB4468B-2DD5-455C-87C3-9E49267800F0}.Release|Any CPU.Build.0 = Release|Any CPU
	EndGlobalSection
	GlobalSection(SolutionProperties) = preSolution
		HideSolutionNode = FALSE
	EndGlobalSection
	GlobalSection(ExtensibilityGlobals) = postSolution
		SolutionGuid = {476FE121-2C6C-4CA9-B0F6-B824D36F9AD1}
	EndGlobalSection
EndGlobal
